
Microsoft Visual Studio Solution File, Format Version 12.00
# Visual Studio 14
VisualStudioVersion = 14.0.23107.0
MinimumVisualStudioVersion = 10.0.40219.1
Project("{2150E333-8FDC-42A3-9474-1A3956D46DE8}") = "Engine", "Engine", "{F089765B-4770-4379-979D-099FFBE79A19}"
EndProject
Project("{2150E333-8FDC-42A3-9474-1A3956D46DE8}") = "Game", "Game", "{5934B994-84DD-4E4A-94B7-AA22975C5E46}"
EndProject
Project("{2150E333-8FDC-42A3-9474-1A3956D46DE8}") = "Tools", "Tools", "{B442B8C9-B10D-4CA8-B002-1B36C1CBEBEC}"
EndProject
Project("{8BC9CEB8-8B4A-11D0-8D11-00A0C91BC942}") = "AssetBuilder", "Code\Tools\AssetBuilder\AssetBuilder.vcxproj", "{ABF804FE-993A-43E2-A242-F3090A290B12}"
	ProjectSection(ProjectDependencies) = postProject
		{5F8004A7-75AD-49AC-85C7-96D9B9F19533} = {5F8004A7-75AD-49AC-85C7-96D9B9F19533}
		{3872EBBB-BF0F-48C5-A9FD-9BD896CA3304} = {3872EBBB-BF0F-48C5-A9FD-9BD896CA3304}
		{C3F612E1-A6E2-4BC5-8E5F-B3DC25E27D82} = {C3F612E1-A6E2-4BC5-8E5F-B3DC25E27D82}
		{45CDCFF0-7F57-457F-9706-C3C15E7EA597} = {45CDCFF0-7F57-457F-9706-C3C15E7EA597}
	EndProjectSection
EndProject
Project("{8BC9CEB8-8B4A-11D0-8D11-00A0C91BC942}") = "BuildAssets", "Code\Game\BuildAssets\BuildAssets.vcxproj", "{3670C64E-AAA0-4056-BF89-744D0276F609}"
	ProjectSection(ProjectDependencies) = postProject
		{C9BDAC7C-C59A-4367-A21D-0FEDABB93012} = {C9BDAC7C-C59A-4367-A21D-0FEDABB93012}
		{02972EC8-4805-49A6-81E7-197D6E120B5D} = {02972EC8-4805-49A6-81E7-197D6E120B5D}
		{ABF804FE-993A-43E2-A242-F3090A290B12} = {ABF804FE-993A-43E2-A242-F3090A290B12}
	EndProjectSection
EndProject
Project("{8BC9CEB8-8B4A-11D0-8D11-00A0C91BC942}") = "Game", "Code\Game\Game\WindowsProgram.vcxproj", "{433FF686-9527-4C97-8EF4-060152A428B5}"
	ProjectSection(ProjectDependencies) = postProject
		{9814E114-0EB4-4B6A-89D6-5C1C4F9EA13F} = {9814E114-0EB4-4B6A-89D6-5C1C4F9EA13F}
		{3872EBBB-BF0F-48C5-A9FD-9BD896CA3304} = {3872EBBB-BF0F-48C5-A9FD-9BD896CA3304}
		{2C8EFEC2-3737-4E5B-B155-B2BBBBD798B7} = {2C8EFEC2-3737-4E5B-B155-B2BBBBD798B7}
	EndProjectSection
EndProject
Project("{8BC9CEB8-8B4A-11D0-8D11-00A0C91BC942}") = "Graphics", "Code\Engine\Graphics\Graphics.vcxproj", "{9814E114-0EB4-4B6A-89D6-5C1C4F9EA13F}"
	ProjectSection(ProjectDependencies) = postProject
		{2C8EFEC2-3737-4E5B-B155-B2BBBBD798B7} = {2C8EFEC2-3737-4E5B-B155-B2BBBBD798B7}
		{1F4101D0-3385-4A3A-8A36-26191589916C} = {1F4101D0-3385-4A3A-8A36-26191589916C}
		{C3F612E1-A6E2-4BC5-8E5F-B3DC25E27D82} = {C3F612E1-A6E2-4BC5-8E5F-B3DC25E27D82}
		{887527F6-9E27-4453-8710-147C77536E32} = {887527F6-9E27-4453-8710-147C77536E32}
	EndProjectSection
EndProject
Project("{8BC9CEB8-8B4A-11D0-8D11-00A0C91BC942}") = "Windows", "Code\Engine\Windows\Windows.vcxproj", "{3872EBBB-BF0F-48C5-A9FD-9BD896CA3304}"
EndProject
Project("{2150E333-8FDC-42A3-9474-1A3956D46DE8}") = "External", "External", "{F153F58F-2453-4FE4-8E29-310C59DBDBFB}"
EndProject
Project("{8BC9CEB8-8B4A-11D0-8D11-00A0C91BC942}") = "OpenGLExtensions", "Code\External\OpenGLExtensions\OpenGLExtensions.vcxproj", "{1F4101D0-3385-4A3A-8A36-26191589916C}"
EndProject
Project("{8BC9CEB8-8B4A-11D0-8D11-00A0C91BC942}") = "Core", "Code\Engine\Core\Core.vcxproj", "{2C8EFEC2-3737-4E5B-B155-B2BBBBD798B7}"
EndProject
Project("{8BC9CEB8-8B4A-11D0-8D11-00A0C91BC942}") = "System", "Code\Engine\System\System.vcxproj", "{C3F612E1-A6E2-4BC5-8E5F-B3DC25E27D82}"
	ProjectSection(ProjectDependencies) = postProject
		{3872EBBB-BF0F-48C5-A9FD-9BD896CA3304} = {3872EBBB-BF0F-48C5-A9FD-9BD896CA3304}
	EndProjectSection
EndProject
Project("{8BC9CEB8-8B4A-11D0-8D11-00A0C91BC942}") = "Lua", "Code\External\Lua\Lua.vcxproj", "{45CDCFF0-7F57-457F-9706-C3C15E7EA597}"
EndProject
Project("{8BC9CEB8-8B4A-11D0-8D11-00A0C91BC942}") = "LuaC", "Code\External\Lua\LuaC.vcxproj", "{393119AF-5F33-4130-9BE8-8A59EEBED07E}"
	ProjectSection(ProjectDependencies) = postProject
		{45CDCFF0-7F57-457F-9706-C3C15E7EA597} = {45CDCFF0-7F57-457F-9706-C3C15E7EA597}
	EndProjectSection
EndProject
Project("{8BC9CEB8-8B4A-11D0-8D11-00A0C91BC942}") = "LuaExe", "Code\External\Lua\LuaExe.vcxproj", "{9653A255-0309-403F-9193-DE569343011F}"
	ProjectSection(ProjectDependencies) = postProject
		{45CDCFF0-7F57-457F-9706-C3C15E7EA597} = {45CDCFF0-7F57-457F-9706-C3C15E7EA597}
	EndProjectSection
EndProject
Project("{2150E333-8FDC-42A3-9474-1A3956D46DE8}") = "Scripts", "Scripts", "{FE31BC74-7A9F-4983-861A-B994F960072D}"
	ProjectSection(SolutionItems) = preProject
		Scripts\AssetsToBuild.lua = Scripts\AssetsToBuild.lua
		Scripts\BuildAssets.lua = Scripts\BuildAssets.lua
	EndProjectSection
EndProject
Project("{8BC9CEB8-8B4A-11D0-8D11-00A0C91BC942}") = "BuilderHelper", "Code\Tools\BuilderHelper\BuilderHelper.vcxproj", "{5F8004A7-75AD-49AC-85C7-96D9B9F19533}"
	ProjectSection(ProjectDependencies) = postProject
		{C3F612E1-A6E2-4BC5-8E5F-B3DC25E27D82} = {C3F612E1-A6E2-4BC5-8E5F-B3DC25E27D82}
	EndProjectSection
EndProject
Project("{8BC9CEB8-8B4A-11D0-8D11-00A0C91BC942}") = "GenericBuilder", "Code\Tools\GenericBuilder\GenericBuilder.vcxproj", "{C9BDAC7C-C59A-4367-A21D-0FEDABB93012}"
	ProjectSection(ProjectDependencies) = postProject
		{5F8004A7-75AD-49AC-85C7-96D9B9F19533} = {5F8004A7-75AD-49AC-85C7-96D9B9F19533}
		{3872EBBB-BF0F-48C5-A9FD-9BD896CA3304} = {3872EBBB-BF0F-48C5-A9FD-9BD896CA3304}
	EndProjectSection
EndProject
Project("{8BC9CEB8-8B4A-11D0-8D11-00A0C91BC942}") = "MeshBuilder", "Code\Tools\MeshBuilder\MeshBuilder.vcxproj", "{02972EC8-4805-49A6-81E7-197D6E120B5D}"
	ProjectSection(ProjectDependencies) = postProject
		{5F8004A7-75AD-49AC-85C7-96D9B9F19533} = {5F8004A7-75AD-49AC-85C7-96D9B9F19533}
		{3872EBBB-BF0F-48C5-A9FD-9BD896CA3304} = {3872EBBB-BF0F-48C5-A9FD-9BD896CA3304}
		{45CDCFF0-7F57-457F-9706-C3C15E7EA597} = {45CDCFF0-7F57-457F-9706-C3C15E7EA597}
	EndProjectSection
EndProject
Project("{8BC9CEB8-8B4A-11D0-8D11-00A0C91BC942}") = "Component", "Code\Engine\Component\Component.vcxproj", "{887527F6-9E27-4453-8710-147C77536E32}"
	ProjectSection(ProjectDependencies) = postProject
		{2C8EFEC2-3737-4E5B-B155-B2BBBBD798B7} = {2C8EFEC2-3737-4E5B-B155-B2BBBBD798B7}
	EndProjectSection
EndProject
Global
	GlobalSection(SolutionConfigurationPlatforms) = preSolution
		Debug|Direct3D_64 = Debug|Direct3D_64
		Debug|OpenGL_32 = Debug|OpenGL_32
		Release|Direct3D_64 = Release|Direct3D_64
		Release|OpenGL_32 = Release|OpenGL_32
	EndGlobalSection
	GlobalSection(ProjectConfigurationPlatforms) = postSolution
		{ABF804FE-993A-43E2-A242-F3090A290B12}.Debug|Direct3D_64.ActiveCfg = Debug|x64
		{ABF804FE-993A-43E2-A242-F3090A290B12}.Debug|Direct3D_64.Build.0 = Debug|x64
		{ABF804FE-993A-43E2-A242-F3090A290B12}.Debug|OpenGL_32.ActiveCfg = Debug|Win32
		{ABF804FE-993A-43E2-A242-F3090A290B12}.Debug|OpenGL_32.Build.0 = Debug|Win32
		{ABF804FE-993A-43E2-A242-F3090A290B12}.Release|Direct3D_64.ActiveCfg = Release|x64
		{ABF804FE-993A-43E2-A242-F3090A290B12}.Release|Direct3D_64.Build.0 = Release|x64
		{ABF804FE-993A-43E2-A242-F3090A290B12}.Release|OpenGL_32.ActiveCfg = Release|Win32
		{ABF804FE-993A-43E2-A242-F3090A290B12}.Release|OpenGL_32.Build.0 = Release|Win32
		{3670C64E-AAA0-4056-BF89-744D0276F609}.Debug|Direct3D_64.ActiveCfg = Debug|x64
		{3670C64E-AAA0-4056-BF89-744D0276F609}.Debug|Direct3D_64.Build.0 = Debug|x64
		{3670C64E-AAA0-4056-BF89-744D0276F609}.Debug|OpenGL_32.ActiveCfg = Debug|Win32
		{3670C64E-AAA0-4056-BF89-744D0276F609}.Debug|OpenGL_32.Build.0 = Debug|Win32
		{3670C64E-AAA0-4056-BF89-744D0276F609}.Release|Direct3D_64.ActiveCfg = Release|x64
		{3670C64E-AAA0-4056-BF89-744D0276F609}.Release|Direct3D_64.Build.0 = Release|x64
		{3670C64E-AAA0-4056-BF89-744D0276F609}.Release|OpenGL_32.ActiveCfg = Release|Win32
		{3670C64E-AAA0-4056-BF89-744D0276F609}.Release|OpenGL_32.Build.0 = Release|Win32
		{433FF686-9527-4C97-8EF4-060152A428B5}.Debug|Direct3D_64.ActiveCfg = Debug|x64
		{433FF686-9527-4C97-8EF4-060152A428B5}.Debug|Direct3D_64.Build.0 = Debug|x64
		{433FF686-9527-4C97-8EF4-060152A428B5}.Debug|OpenGL_32.ActiveCfg = Debug|Win32
		{433FF686-9527-4C97-8EF4-060152A428B5}.Debug|OpenGL_32.Build.0 = Debug|Win32
		{433FF686-9527-4C97-8EF4-060152A428B5}.Release|Direct3D_64.ActiveCfg = Release|x64
		{433FF686-9527-4C97-8EF4-060152A428B5}.Release|Direct3D_64.Build.0 = Release|x64
		{433FF686-9527-4C97-8EF4-060152A428B5}.Release|OpenGL_32.ActiveCfg = Release|Win32
		{433FF686-9527-4C97-8EF4-060152A428B5}.Release|OpenGL_32.Build.0 = Release|Win32
		{9814E114-0EB4-4B6A-89D6-5C1C4F9EA13F}.Debug|Direct3D_64.ActiveCfg = Debug|x64
		{9814E114-0EB4-4B6A-89D6-5C1C4F9EA13F}.Debug|Direct3D_64.Build.0 = Debug|x64
		{9814E114-0EB4-4B6A-89D6-5C1C4F9EA13F}.Debug|OpenGL_32.ActiveCfg = Debug|Win32
		{9814E114-0EB4-4B6A-89D6-5C1C4F9EA13F}.Debug|OpenGL_32.Build.0 = Debug|Win32
		{9814E114-0EB4-4B6A-89D6-5C1C4F9EA13F}.Release|Direct3D_64.ActiveCfg = Release|x64
		{9814E114-0EB4-4B6A-89D6-5C1C4F9EA13F}.Release|Direct3D_64.Build.0 = Release|x64
		{9814E114-0EB4-4B6A-89D6-5C1C4F9EA13F}.Release|OpenGL_32.ActiveCfg = Release|Win32
		{9814E114-0EB4-4B6A-89D6-5C1C4F9EA13F}.Release|OpenGL_32.Build.0 = Release|Win32
		{3872EBBB-BF0F-48C5-A9FD-9BD896CA3304}.Debug|Direct3D_64.ActiveCfg = Debug|x64
		{3872EBBB-BF0F-48C5-A9FD-9BD896CA3304}.Debug|Direct3D_64.Build.0 = Debug|x64
		{3872EBBB-BF0F-48C5-A9FD-9BD896CA3304}.Debug|OpenGL_32.ActiveCfg = Debug|Win32
		{3872EBBB-BF0F-48C5-A9FD-9BD896CA3304}.Debug|OpenGL_32.Build.0 = Debug|Win32
		{3872EBBB-BF0F-48C5-A9FD-9BD896CA3304}.Release|Direct3D_64.ActiveCfg = Release|x64
		{3872EBBB-BF0F-48C5-A9FD-9BD896CA3304}.Release|Direct3D_64.Build.0 = Release|x64
		{3872EBBB-BF0F-48C5-A9FD-9BD896CA3304}.Release|OpenGL_32.ActiveCfg = Release|Win32
		{3872EBBB-BF0F-48C5-A9FD-9BD896CA3304}.Release|OpenGL_32.Build.0 = Release|Win32
		{1F4101D0-3385-4A3A-8A36-26191589916C}.Debug|Direct3D_64.ActiveCfg = Debug|x64
		{1F4101D0-3385-4A3A-8A36-26191589916C}.Debug|OpenGL_32.ActiveCfg = Debug|Win32
		{1F4101D0-3385-4A3A-8A36-26191589916C}.Debug|OpenGL_32.Build.0 = Debug|Win32
		{1F4101D0-3385-4A3A-8A36-26191589916C}.Release|Direct3D_64.ActiveCfg = Release|x64
		{1F4101D0-3385-4A3A-8A36-26191589916C}.Release|OpenGL_32.ActiveCfg = Release|Win32
		{1F4101D0-3385-4A3A-8A36-26191589916C}.Release|OpenGL_32.Build.0 = Release|Win32
		{2C8EFEC2-3737-4E5B-B155-B2BBBBD798B7}.Debug|Direct3D_64.ActiveCfg = Debug|x64
		{2C8EFEC2-3737-4E5B-B155-B2BBBBD798B7}.Debug|Direct3D_64.Build.0 = Debug|x64
		{2C8EFEC2-3737-4E5B-B155-B2BBBBD798B7}.Debug|OpenGL_32.ActiveCfg = Debug|Win32
		{2C8EFEC2-3737-4E5B-B155-B2BBBBD798B7}.Debug|OpenGL_32.Build.0 = Debug|Win32
		{2C8EFEC2-3737-4E5B-B155-B2BBBBD798B7}.Release|Direct3D_64.ActiveCfg = Release|x64
		{2C8EFEC2-3737-4E5B-B155-B2BBBBD798B7}.Release|Direct3D_64.Build.0 = Release|x64
		{2C8EFEC2-3737-4E5B-B155-B2BBBBD798B7}.Release|OpenGL_32.ActiveCfg = Release|Win32
		{2C8EFEC2-3737-4E5B-B155-B2BBBBD798B7}.Release|OpenGL_32.Build.0 = Release|Win32
		{C3F612E1-A6E2-4BC5-8E5F-B3DC25E27D82}.Debug|Direct3D_64.ActiveCfg = Debug|x64
		{C3F612E1-A6E2-4BC5-8E5F-B3DC25E27D82}.Debug|Direct3D_64.Build.0 = Debug|x64
		{C3F612E1-A6E2-4BC5-8E5F-B3DC25E27D82}.Debug|OpenGL_32.ActiveCfg = Debug|Win32
		{C3F612E1-A6E2-4BC5-8E5F-B3DC25E27D82}.Debug|OpenGL_32.Build.0 = Debug|Win32
		{C3F612E1-A6E2-4BC5-8E5F-B3DC25E27D82}.Release|Direct3D_64.ActiveCfg = Release|x64
		{C3F612E1-A6E2-4BC5-8E5F-B3DC25E27D82}.Release|Direct3D_64.Build.0 = Release|x64
		{C3F612E1-A6E2-4BC5-8E5F-B3DC25E27D82}.Release|OpenGL_32.ActiveCfg = Release|Win32
		{C3F612E1-A6E2-4BC5-8E5F-B3DC25E27D82}.Release|OpenGL_32.Build.0 = Release|Win32
		{45CDCFF0-7F57-457F-9706-C3C15E7EA597}.Debug|Direct3D_64.ActiveCfg = Debug|x64
		{45CDCFF0-7F57-457F-9706-C3C15E7EA597}.Debug|Direct3D_64.Build.0 = Debug|x64
		{45CDCFF0-7F57-457F-9706-C3C15E7EA597}.Debug|OpenGL_32.ActiveCfg = Debug|Win32
		{45CDCFF0-7F57-457F-9706-C3C15E7EA597}.Debug|OpenGL_32.Build.0 = Debug|Win32
		{45CDCFF0-7F57-457F-9706-C3C15E7EA597}.Release|Direct3D_64.ActiveCfg = Release|x64
		{45CDCFF0-7F57-457F-9706-C3C15E7EA597}.Release|Direct3D_64.Build.0 = Release|x64
		{45CDCFF0-7F57-457F-9706-C3C15E7EA597}.Release|OpenGL_32.ActiveCfg = Release|Win32
		{45CDCFF0-7F57-457F-9706-C3C15E7EA597}.Release|OpenGL_32.Build.0 = Release|Win32
		{393119AF-5F33-4130-9BE8-8A59EEBED07E}.Debug|Direct3D_64.ActiveCfg = Debug|x64
		{393119AF-5F33-4130-9BE8-8A59EEBED07E}.Debug|Direct3D_64.Build.0 = Debug|x64
		{393119AF-5F33-4130-9BE8-8A59EEBED07E}.Debug|OpenGL_32.ActiveCfg = Debug|Win32
		{393119AF-5F33-4130-9BE8-8A59EEBED07E}.Debug|OpenGL_32.Build.0 = Debug|Win32
		{393119AF-5F33-4130-9BE8-8A59EEBED07E}.Release|Direct3D_64.ActiveCfg = Release|x64
		{393119AF-5F33-4130-9BE8-8A59EEBED07E}.Release|Direct3D_64.Build.0 = Release|x64
		{393119AF-5F33-4130-9BE8-8A59EEBED07E}.Release|OpenGL_32.ActiveCfg = Release|Win32
		{393119AF-5F33-4130-9BE8-8A59EEBED07E}.Release|OpenGL_32.Build.0 = Release|Win32
		{9653A255-0309-403F-9193-DE569343011F}.Debug|Direct3D_64.ActiveCfg = Debug|x64
		{9653A255-0309-403F-9193-DE569343011F}.Debug|Direct3D_64.Build.0 = Debug|x64
		{9653A255-0309-403F-9193-DE569343011F}.Debug|OpenGL_32.ActiveCfg = Debug|Win32
		{9653A255-0309-403F-9193-DE569343011F}.Debug|OpenGL_32.Build.0 = Debug|Win32
		{9653A255-0309-403F-9193-DE569343011F}.Release|Direct3D_64.ActiveCfg = Release|x64
		{9653A255-0309-403F-9193-DE569343011F}.Release|Direct3D_64.Build.0 = Release|x64
		{9653A255-0309-403F-9193-DE569343011F}.Release|OpenGL_32.ActiveCfg = Release|Win32
		{9653A255-0309-403F-9193-DE569343011F}.Release|OpenGL_32.Build.0 = Release|Win32
		{5F8004A7-75AD-49AC-85C7-96D9B9F19533}.Debug|Direct3D_64.ActiveCfg = Debug|x64
		{5F8004A7-75AD-49AC-85C7-96D9B9F19533}.Debug|Direct3D_64.Build.0 = Debug|x64
		{5F8004A7-75AD-49AC-85C7-96D9B9F19533}.Debug|OpenGL_32.ActiveCfg = Debug|Win32
		{5F8004A7-75AD-49AC-85C7-96D9B9F19533}.Debug|OpenGL_32.Build.0 = Debug|Win32
		{5F8004A7-75AD-49AC-85C7-96D9B9F19533}.Release|Direct3D_64.ActiveCfg = Release|x64
		{5F8004A7-75AD-49AC-85C7-96D9B9F19533}.Release|Direct3D_64.Build.0 = Release|x64
		{5F8004A7-75AD-49AC-85C7-96D9B9F19533}.Release|OpenGL_32.ActiveCfg = Release|Win32
		{5F8004A7-75AD-49AC-85C7-96D9B9F19533}.Release|OpenGL_32.Build.0 = Release|Win32
		{C9BDAC7C-C59A-4367-A21D-0FEDABB93012}.Debug|Direct3D_64.ActiveCfg = Debug|x64
		{C9BDAC7C-C59A-4367-A21D-0FEDABB93012}.Debug|Direct3D_64.Build.0 = Debug|x64
		{C9BDAC7C-C59A-4367-A21D-0FEDABB93012}.Debug|OpenGL_32.ActiveCfg = Debug|Win32
		{C9BDAC7C-C59A-4367-A21D-0FEDABB93012}.Debug|OpenGL_32.Build.0 = Debug|Win32
		{C9BDAC7C-C59A-4367-A21D-0FEDABB93012}.Release|Direct3D_64.ActiveCfg = Release|x64
		{C9BDAC7C-C59A-4367-A21D-0FEDABB93012}.Release|Direct3D_64.Build.0 = Release|x64
		{C9BDAC7C-C59A-4367-A21D-0FEDABB93012}.Release|OpenGL_32.ActiveCfg = Release|Win32
		{C9BDAC7C-C59A-4367-A21D-0FEDABB93012}.Release|OpenGL_32.Build.0 = Release|Win32
		{02972EC8-4805-49A6-81E7-197D6E120B5D}.Debug|Direct3D_64.ActiveCfg = Debug|x64
		{02972EC8-4805-49A6-81E7-197D6E120B5D}.Debug|Direct3D_64.Build.0 = Debug|x64
		{02972EC8-4805-49A6-81E7-197D6E120B5D}.Debug|OpenGL_32.ActiveCfg = Debug|Win32
		{02972EC8-4805-49A6-81E7-197D6E120B5D}.Debug|OpenGL_32.Build.0 = Debug|Win32
		{02972EC8-4805-49A6-81E7-197D6E120B5D}.Release|Direct3D_64.ActiveCfg = Release|x64
		{02972EC8-4805-49A6-81E7-197D6E120B5D}.Release|Direct3D_64.Build.0 = Release|x64
		{02972EC8-4805-49A6-81E7-197D6E120B5D}.Release|OpenGL_32.ActiveCfg = Release|Win32
		{02972EC8-4805-49A6-81E7-197D6E120B5D}.Release|OpenGL_32.Build.0 = Release|Win32
		{887527F6-9E27-4453-8710-147C77536E32}.Debug|Direct3D_64.ActiveCfg = Debug|x64
		{887527F6-9E27-4453-8710-147C77536E32}.Debug|Direct3D_64.Build.0 = Debug|x64
		{887527F6-9E27-4453-8710-147C77536E32}.Debug|OpenGL_32.ActiveCfg = Debug|Win32
		{887527F6-9E27-4453-8710-147C77536E32}.Debug|OpenGL_32.Build.0 = Debug|Win32
		{887527F6-9E27-4453-8710-147C77536E32}.Release|Direct3D_64.ActiveCfg = Release|x64
		{887527F6-9E27-4453-8710-147C77536E32}.Release|Direct3D_64.Build.0 = Release|x64
		{887527F6-9E27-4453-8710-147C77536E32}.Release|OpenGL_32.ActiveCfg = Release|Win32
		{887527F6-9E27-4453-8710-147C77536E32}.Release|OpenGL_32.Build.0 = Release|Win32
	EndGlobalSection
	GlobalSection(SolutionProperties) = preSolution
		HideSolutionNode = FALSE
	EndGlobalSection
	GlobalSection(NestedProjects) = preSolution
		{ABF804FE-993A-43E2-A242-F3090A290B12} = {B442B8C9-B10D-4CA8-B002-1B36C1CBEBEC}
		{3670C64E-AAA0-4056-BF89-744D0276F609} = {5934B994-84DD-4E4A-94B7-AA22975C5E46}
		{433FF686-9527-4C97-8EF4-060152A428B5} = {5934B994-84DD-4E4A-94B7-AA22975C5E46}
		{9814E114-0EB4-4B6A-89D6-5C1C4F9EA13F} = {F089765B-4770-4379-979D-099FFBE79A19}
		{3872EBBB-BF0F-48C5-A9FD-9BD896CA3304} = {F089765B-4770-4379-979D-099FFBE79A19}
		{1F4101D0-3385-4A3A-8A36-26191589916C} = {F153F58F-2453-4FE4-8E29-310C59DBDBFB}
		{2C8EFEC2-3737-4E5B-B155-B2BBBBD798B7} = {F089765B-4770-4379-979D-099FFBE79A19}
		{C3F612E1-A6E2-4BC5-8E5F-B3DC25E27D82} = {F089765B-4770-4379-979D-099FFBE79A19}
		{45CDCFF0-7F57-457F-9706-C3C15E7EA597} = {F153F58F-2453-4FE4-8E29-310C59DBDBFB}
		{393119AF-5F33-4130-9BE8-8A59EEBED07E} = {F153F58F-2453-4FE4-8E29-310C59DBDBFB}
		{9653A255-0309-403F-9193-DE569343011F} = {F153F58F-2453-4FE4-8E29-310C59DBDBFB}
		{5F8004A7-75AD-49AC-85C7-96D9B9F19533} = {B442B8C9-B10D-4CA8-B002-1B36C1CBEBEC}
		{C9BDAC7C-C59A-4367-A21D-0FEDABB93012} = {B442B8C9-B10D-4CA8-B002-1B36C1CBEBEC}
		{02972EC8-4805-49A6-81E7-197D6E120B5D} = {B442B8C9-B10D-4CA8-B002-1B36C1CBEBEC}
		{887527F6-9E27-4453-8710-147C77536E32} = {F089765B-4770-4379-979D-099FFBE79A19}
	EndGlobalSection
EndGlobal
