<?xml version="1.0" encoding="utf-8"?>
<Project ToolsVersion="4.0" xmlns="http://schemas.microsoft.com/developer/msbuild/2003">
  <ItemGroup>
    <ClInclude Include="FloatMath.h" />
    <ClInclude Include="Math.h" />
    <ClInclude Include="Matrix.h" />
    <ClInclude Include="MatrixMath.h" />
    <ClInclude Include="Vector2.h" />
    <ClInclude Include="Vector3.h" />
    <ClInclude Include="HashedString.h" />
    <ClInclude Include="TypeHandling.h" />
    <ClInclude Include="Singleton.h" />
    <ClInclude Include="eae6320\cMatrix_transformation.h">
      <Filter>eae6320</Filter>
    </ClInclude>
    <ClInclude Include="EnumMask.h" />
    <ClInclude Include="Quaternion.h" />
  </ItemGroup>
  <ItemGroup>
    <None Include="FloatMath.inl" />
    <None Include="Math.inl" />
    <None Include="MatrixMath.inl" />
    <None Include="Vector2.inl" />
    <None Include="Vector3.inl" />
    <None Include="HashedString.inl" />
    <None Include="TypeHandling.inl" />
    <None Include="Singleton.inl" />
  </ItemGroup>
  <ItemGroup>
    <ClCompile Include="Vector2.cpp" />
    <ClCompile Include="Vector3.cpp" />
    <ClCompile Include="HashedString.cpp" />
    <ClCompile Include="eae6320\cMatrix_transformation.cpp">
      <Filter>eae6320</Filter>
    </ClCompile>
    <ClCompile Include="Quaternion.cpp" />
  </ItemGroup>
  <ItemGroup>
    <Filter Include="eae6320">
      <UniqueIdentifier>{e787dd63-ad09-481c-bfac-c88d7b04e3cd}</UniqueIdentifier>
    </Filter>
  </ItemGroup>
</Project>