<?xml version="1.0" encoding="utf-8"?>
<Project ToolsVersion="4.0" xmlns="http://schemas.microsoft.com/developer/msbuild/2003">
  <ItemGroup>
    <ClInclude Include="CollisionMesh.h" />
    <ClInclude Include="Collision.h" />
    <ClInclude Include="Physics.h" />
    <ClInclude Include="Physics3DComponent.h" />
  </ItemGroup>
  <ItemGroup>
    <ClCompile Include="CollisionMesh.cpp" />
    <ClCompile Include="Collision.cpp" />
    <ClCompile Include="Physics.cpp" />
    <ClCompile Include="Physics3DComponent.cpp" />
  </ItemGroup>
</Project>