<?xml version="1.0" encoding="utf-8"?>
<Project ToolsVersion="4.0" xmlns="http://schemas.microsoft.com/developer/msbuild/2003">
  <ItemGroup>
    <ClInclude Include="Console.h" />
    <ClInclude Include="UserOutput.h" />
    <ClInclude Include="Time.h" />
    <ClInclude Include="UserInput.h" />
    <ClInclude Include="eae6320\Time.h">
      <Filter>eae6320</Filter>
    </ClInclude>
    <ClInclude Include="FileLoader.h" />
    <ClInclude Include="UnitTest.h" />
  </ItemGroup>
  <ItemGroup>
    <ClCompile Include="Console.Win32.cpp" />
    <ClCompile Include="Time.Win32.cpp" />
    <ClCompile Include="eae6320\Time.cpp">
      <Filter>eae6320</Filter>
    </ClCompile>
    <ClCompile Include="FileLoader.cpp" />
    <ClCompile Include="UserInput.Win32.cpp" />
    <ClCompile Include="UserOutput.Win32.cpp" />
    <ClCompile Include="UnitTest.cpp" />
  </ItemGroup>
  <ItemGroup>
    <None Include="Time.inl" />
  </ItemGroup>
  <ItemGroup>
    <Filter Include="eae6320">
      <UniqueIdentifier>{73262e0c-3e74-4487-9a97-7a2c8c7c03dd}</UniqueIdentifier>
    </Filter>
  </ItemGroup>
</Project>